// !$*UTF8*$!
{
	archiveVersion = 1;
	classes = {
	};
	objectVersion = 56;
	objects = {

/* Begin PBXBuildFile section */
		DB1A34F92905F6110060F5A1 /* Realm in Frameworks */ = {isa = PBXBuildFile; productRef = DB1A34F82905F6110060F5A1 /* Realm */; };
		DB1A34FB2905F6110060F5A1 /* RealmSwift in Frameworks */ = {isa = PBXBuildFile; productRef = DB1A34FA2905F6110060F5A1 /* RealmSwift */; };
		DB1A34FD2905F6310060F5A1 /* ObjPokemonModel.swift in Sources */ = {isa = PBXBuildFile; fileRef = DB1A34FC2905F6310060F5A1 /* ObjPokemonModel.swift */; };
		DB1A35002905F91A0060F5A1 /* DataMapper.swift in Sources */ = {isa = PBXBuildFile; fileRef = DB1A34FF2905F91A0060F5A1 /* DataMapper.swift */; };
		DB1A35022905FCBE0060F5A1 /* LocaleDataSource.swift in Sources */ = {isa = PBXBuildFile; fileRef = DB1A35012905FCBE0060F5A1 /* LocaleDataSource.swift */; };
		DB1A35062906019D0060F5A1 /* DetailUseCase.swift in Sources */ = {isa = PBXBuildFile; fileRef = DB1A35052906019D0060F5A1 /* DetailUseCase.swift */; };
		DB1A3509290602300060F5A1 /* DetailViewModel.swift in Sources */ = {isa = PBXBuildFile; fileRef = DB1A3508290602300060F5A1 /* DetailViewModel.swift */; };
		DB1A351129060D040060F5A1 /* MyCollectionViewController.swift in Sources */ = {isa = PBXBuildFile; fileRef = DB1A350F29060D040060F5A1 /* MyCollectionViewController.swift */; };
		DB1A351229060D040060F5A1 /* MyCollectionViewController.xib in Resources */ = {isa = PBXBuildFile; fileRef = DB1A351029060D040060F5A1 /* MyCollectionViewController.xib */; };
		DB1A351429060D330060F5A1 /* MyCollectionUseCase.swift in Sources */ = {isa = PBXBuildFile; fileRef = DB1A351329060D330060F5A1 /* MyCollectionUseCase.swift */; };
		DB1A3516290610560060F5A1 /* MyCollectionViewModel.swift in Sources */ = {isa = PBXBuildFile; fileRef = DB1A3515290610560060F5A1 /* MyCollectionViewModel.swift */; };
		DB1A3519290612CC0060F5A1 /* PokemonTableViewCell.swift in Sources */ = {isa = PBXBuildFile; fileRef = DB1A3517290612CC0060F5A1 /* PokemonTableViewCell.swift */; };
		DB1A351A290612CC0060F5A1 /* PokemonTableViewCell.xib in Resources */ = {isa = PBXBuildFile; fileRef = DB1A3518290612CC0060F5A1 /* PokemonTableViewCell.xib */; };
		DB1D3D7328F5AE2C00D6E9DB /* AppDelegate.swift in Sources */ = {isa = PBXBuildFile; fileRef = DB1D3D7228F5AE2C00D6E9DB /* AppDelegate.swift */; };
		DB1D3D7528F5AE2C00D6E9DB /* SceneDelegate.swift in Sources */ = {isa = PBXBuildFile; fileRef = DB1D3D7428F5AE2C00D6E9DB /* SceneDelegate.swift */; };
		DB1D3D7D28F5AE2C00D6E9DB /* Pokedex.xcdatamodeld in Sources */ = {isa = PBXBuildFile; fileRef = DB1D3D7B28F5AE2C00D6E9DB /* Pokedex.xcdatamodeld */; };
		DB1D3D7F28F5AE2E00D6E9DB /* Assets.xcassets in Resources */ = {isa = PBXBuildFile; fileRef = DB1D3D7E28F5AE2E00D6E9DB /* Assets.xcassets */; };
		DB1D3D8228F5AE2E00D6E9DB /* LaunchScreen.storyboard in Resources */ = {isa = PBXBuildFile; fileRef = DB1D3D8028F5AE2E00D6E9DB /* LaunchScreen.storyboard */; };
		DB1D3D8F28F5C16C00D6E9DB /* TabBarController.swift in Sources */ = {isa = PBXBuildFile; fileRef = DB1D3D8E28F5C16C00D6E9DB /* TabBarController.swift */; };
		DB3A82DA28F5C373002E5729 /* HomeViewController.swift in Sources */ = {isa = PBXBuildFile; fileRef = DB3A82D828F5C373002E5729 /* HomeViewController.swift */; };
		DB3A82DB28F5C373002E5729 /* HomeViewController.xib in Resources */ = {isa = PBXBuildFile; fileRef = DB3A82D928F5C373002E5729 /* HomeViewController.xib */; };
		DB3A82DF28F5CA0F002E5729 /* PokemonGridCollectionViewCell.swift in Sources */ = {isa = PBXBuildFile; fileRef = DB3A82DD28F5CA0F002E5729 /* PokemonGridCollectionViewCell.swift */; };
		DB3A82E028F5CA0F002E5729 /* PokemonGridCollectionViewCell.xib in Resources */ = {isa = PBXBuildFile; fileRef = DB3A82DE28F5CA0F002E5729 /* PokemonGridCollectionViewCell.xib */; };
		DB7448FC290116CC00063D57 /* HomeViewModel.swift in Sources */ = {isa = PBXBuildFile; fileRef = DB7448FB290116CC00063D57 /* HomeViewModel.swift */; };
		DB7448FF2901170300063D57 /* HomeUseCase.swift in Sources */ = {isa = PBXBuildFile; fileRef = DB7448FE2901170300063D57 /* HomeUseCase.swift */; };
		DB74490229012A3F00063D57 /* SDWebImage in Frameworks */ = {isa = PBXBuildFile; productRef = DB74490129012A3F00063D57 /* SDWebImage */; };
		DB744904290154AD00063D57 /* BaseViewModel.swift in Sources */ = {isa = PBXBuildFile; fileRef = DB744903290154AD00063D57 /* BaseViewModel.swift */; };
		DB74490729015A5B00063D57 /* UICollectionView+Ext.swift in Sources */ = {isa = PBXBuildFile; fileRef = DB74490629015A5B00063D57 /* UICollectionView+Ext.swift */; };
		DB7449092901725700063D57 /* UIImageView+Ext.swift in Sources */ = {isa = PBXBuildFile; fileRef = DB7449082901725700063D57 /* UIImageView+Ext.swift */; };
		DBB634ED290275A5002723F7 /* Collection+Ext.swift in Sources */ = {isa = PBXBuildFile; fileRef = DBB634EC290275A5002723F7 /* Collection+Ext.swift */; };
		DBB634F0290276DD002723F7 /* Injection.swift in Sources */ = {isa = PBXBuildFile; fileRef = DBB634EF290276DD002723F7 /* Injection.swift */; };
		DBB634F52905306C002723F7 /* DetailViewController.swift in Sources */ = {isa = PBXBuildFile; fileRef = DBB634F32905306C002723F7 /* DetailViewController.swift */; };
		DBB634F62905306C002723F7 /* DetailViewController.xib in Resources */ = {isa = PBXBuildFile; fileRef = DBB634F42905306C002723F7 /* DetailViewController.xib */; };
		DBB634FD29053DAA002723F7 /* CustomSegmentedControl.swift in Sources */ = {isa = PBXBuildFile; fileRef = DBB634FC29053DAA002723F7 /* CustomSegmentedControl.swift */; };
		DBB6350029053FA0002723F7 /* AboutViewController.swift in Sources */ = {isa = PBXBuildFile; fileRef = DBB634FE29053FA0002723F7 /* AboutViewController.swift */; };
		DBB6350129053FA0002723F7 /* AboutViewController.xib in Resources */ = {isa = PBXBuildFile; fileRef = DBB634FF29053FA0002723F7 /* AboutViewController.xib */; };
		DBB6350429053FBC002723F7 /* BaseStatsViewController.swift in Sources */ = {isa = PBXBuildFile; fileRef = DBB6350229053FBC002723F7 /* BaseStatsViewController.swift */; };
		DBB6350529053FBC002723F7 /* BaseStatsViewController.xib in Resources */ = {isa = PBXBuildFile; fileRef = DBB6350329053FBC002723F7 /* BaseStatsViewController.xib */; };
		DBB6350C29053FF9002723F7 /* MovesViewController.swift in Sources */ = {isa = PBXBuildFile; fileRef = DBB6350A29053FF9002723F7 /* MovesViewController.swift */; };
		DBB6350D29053FF9002723F7 /* MovesViewController.xib in Resources */ = {isa = PBXBuildFile; fileRef = DBB6350B29053FF9002723F7 /* MovesViewController.xib */; };
		DBB63514290561E3002723F7 /* UIView+Ext.swift in Sources */ = {isa = PBXBuildFile; fileRef = DBB63513290561E3002723F7 /* UIView+Ext.swift */; };
		DBB6351829056FFF002723F7 /* Lottie in Frameworks */ = {isa = PBXBuildFile; productRef = DBB6351729056FFF002723F7 /* Lottie */; };
		DBB6351B2905705A002723F7 /* pokeball_loading.json in Resources */ = {isa = PBXBuildFile; fileRef = DBB6351A29057059002723F7 /* pokeball_loading.json */; };
		DBB6351D290576E2002723F7 /* UIButton+Ext.swift in Sources */ = {isa = PBXBuildFile; fileRef = DBB6351C290576E2002723F7 /* UIButton+Ext.swift */; };
		DBB6351F29058DF7002723F7 /* AppColor.swift in Sources */ = {isa = PBXBuildFile; fileRef = DBB6351E29058DF7002723F7 /* AppColor.swift */; };
		DBB6352529059A00002723F7 /* StatisticTableViewCell.swift in Sources */ = {isa = PBXBuildFile; fileRef = DBB6352329059A00002723F7 /* StatisticTableViewCell.swift */; };
		DBB6352629059A00002723F7 /* StatisticTableViewCell.xib in Resources */ = {isa = PBXBuildFile; fileRef = DBB6352429059A00002723F7 /* StatisticTableViewCell.xib */; };
		DBD1407628F69BD60064FD67 /* Alamofire in Frameworks */ = {isa = PBXBuildFile; productRef = DBD1407528F69BD60064FD67 /* Alamofire */; };
		DBD1407928F69C240064FD67 /* RxBlocking in Frameworks */ = {isa = PBXBuildFile; productRef = DBD1407828F69C240064FD67 /* RxBlocking */; };
		DBD1407B28F69C240064FD67 /* RxCocoa in Frameworks */ = {isa = PBXBuildFile; productRef = DBD1407A28F69C240064FD67 /* RxCocoa */; };
		DBD1407D28F69C240064FD67 /* RxRelay in Frameworks */ = {isa = PBXBuildFile; productRef = DBD1407C28F69C240064FD67 /* RxRelay */; };
		DBD1407F28F69C240064FD67 /* RxSwift in Frameworks */ = {isa = PBXBuildFile; productRef = DBD1407E28F69C240064FD67 /* RxSwift */; };
		DBD1408228F69CE00064FD67 /* ConstServices.swift in Sources */ = {isa = PBXBuildFile; fileRef = DBD1408128F69CE00064FD67 /* ConstServices.swift */; };
		DBD1408528F69DAD0064FD67 /* PokemonResponse.swift in Sources */ = {isa = PBXBuildFile; fileRef = DBD1408428F69DAD0064FD67 /* PokemonResponse.swift */; };
		DBD1408728F6A2220064FD67 /* BasicResponse.swift in Sources */ = {isa = PBXBuildFile; fileRef = DBD1408628F6A2220064FD67 /* BasicResponse.swift */; };
		DBD1408928F6A33B0064FD67 /* PokemonModel.swift in Sources */ = {isa = PBXBuildFile; fileRef = DBD1408828F6A33B0064FD67 /* PokemonModel.swift */; };
		DBD1408D28F6C4B50064FD67 /* APIManager.swift in Sources */ = {isa = PBXBuildFile; fileRef = DBD1408C28F6C4B50064FD67 /* APIManager.swift */; };
		DBD1409128F6C8D70064FD67 /* PokemonRepository.swift in Sources */ = {isa = PBXBuildFile; fileRef = DBD1409028F6C8D70064FD67 /* PokemonRepository.swift */; };
		DBD1409428F6C9600064FD67 /* RemoteDataSource.swift in Sources */ = {isa = PBXBuildFile; fileRef = DBD1409328F6C9600064FD67 /* RemoteDataSource.swift */; };
/* End PBXBuildFile section */

/* Begin PBXFileReference section */
		DB1A34FC2905F6310060F5A1 /* ObjPokemonModel.swift */ = {isa = PBXFileReference; lastKnownFileType = sourcecode.swift; path = ObjPokemonModel.swift; sourceTree = "<group>"; };
		DB1A34FF2905F91A0060F5A1 /* DataMapper.swift */ = {isa = PBXFileReference; lastKnownFileType = sourcecode.swift; path = DataMapper.swift; sourceTree = "<group>"; };
		DB1A35012905FCBE0060F5A1 /* LocaleDataSource.swift */ = {isa = PBXFileReference; lastKnownFileType = sourcecode.swift; path = LocaleDataSource.swift; sourceTree = "<group>"; };
		DB1A35052906019D0060F5A1 /* DetailUseCase.swift */ = {isa = PBXFileReference; lastKnownFileType = sourcecode.swift; path = DetailUseCase.swift; sourceTree = "<group>"; };
		DB1A3508290602300060F5A1 /* DetailViewModel.swift */ = {isa = PBXFileReference; lastKnownFileType = sourcecode.swift; path = DetailViewModel.swift; sourceTree = "<group>"; };
		DB1A350F29060D040060F5A1 /* MyCollectionViewController.swift */ = {isa = PBXFileReference; lastKnownFileType = sourcecode.swift; path = MyCollectionViewController.swift; sourceTree = "<group>"; };
		DB1A351029060D040060F5A1 /* MyCollectionViewController.xib */ = {isa = PBXFileReference; lastKnownFileType = file.xib; path = MyCollectionViewController.xib; sourceTree = "<group>"; };
		DB1A351329060D330060F5A1 /* MyCollectionUseCase.swift */ = {isa = PBXFileReference; lastKnownFileType = sourcecode.swift; path = MyCollectionUseCase.swift; sourceTree = "<group>"; };
		DB1A3515290610560060F5A1 /* MyCollectionViewModel.swift */ = {isa = PBXFileReference; lastKnownFileType = sourcecode.swift; path = MyCollectionViewModel.swift; sourceTree = "<group>"; };
		DB1A3517290612CC0060F5A1 /* PokemonTableViewCell.swift */ = {isa = PBXFileReference; lastKnownFileType = sourcecode.swift; path = PokemonTableViewCell.swift; sourceTree = "<group>"; };
		DB1A3518290612CC0060F5A1 /* PokemonTableViewCell.xib */ = {isa = PBXFileReference; lastKnownFileType = file.xib; path = PokemonTableViewCell.xib; sourceTree = "<group>"; };
		DB1D3D6F28F5AE2C00D6E9DB /* Pokedex.app */ = {isa = PBXFileReference; explicitFileType = wrapper.application; includeInIndex = 0; path = Pokedex.app; sourceTree = BUILT_PRODUCTS_DIR; };
		DB1D3D7228F5AE2C00D6E9DB /* AppDelegate.swift */ = {isa = PBXFileReference; lastKnownFileType = sourcecode.swift; path = AppDelegate.swift; sourceTree = "<group>"; };
		DB1D3D7428F5AE2C00D6E9DB /* SceneDelegate.swift */ = {isa = PBXFileReference; lastKnownFileType = sourcecode.swift; path = SceneDelegate.swift; sourceTree = "<group>"; };
		DB1D3D7C28F5AE2C00D6E9DB /* Pokedex.xcdatamodel */ = {isa = PBXFileReference; lastKnownFileType = wrapper.xcdatamodel; path = Pokedex.xcdatamodel; sourceTree = "<group>"; };
		DB1D3D7E28F5AE2E00D6E9DB /* Assets.xcassets */ = {isa = PBXFileReference; lastKnownFileType = folder.assetcatalog; path = Assets.xcassets; sourceTree = "<group>"; };
		DB1D3D8128F5AE2E00D6E9DB /* Base */ = {isa = PBXFileReference; lastKnownFileType = file.storyboard; name = Base; path = Base.lproj/LaunchScreen.storyboard; sourceTree = "<group>"; };
		DB1D3D8328F5AE2E00D6E9DB /* Info.plist */ = {isa = PBXFileReference; lastKnownFileType = text.plist.xml; path = Info.plist; sourceTree = "<group>"; };
		DB1D3D8E28F5C16C00D6E9DB /* TabBarController.swift */ = {isa = PBXFileReference; lastKnownFileType = sourcecode.swift; path = TabBarController.swift; sourceTree = "<group>"; };
		DB3A82D828F5C373002E5729 /* HomeViewController.swift */ = {isa = PBXFileReference; lastKnownFileType = sourcecode.swift; path = HomeViewController.swift; sourceTree = "<group>"; };
		DB3A82D928F5C373002E5729 /* HomeViewController.xib */ = {isa = PBXFileReference; lastKnownFileType = file.xib; path = HomeViewController.xib; sourceTree = "<group>"; };
		DB3A82DD28F5CA0F002E5729 /* PokemonGridCollectionViewCell.swift */ = {isa = PBXFileReference; lastKnownFileType = sourcecode.swift; path = PokemonGridCollectionViewCell.swift; sourceTree = "<group>"; };
		DB3A82DE28F5CA0F002E5729 /* PokemonGridCollectionViewCell.xib */ = {isa = PBXFileReference; lastKnownFileType = file.xib; path = PokemonGridCollectionViewCell.xib; sourceTree = "<group>"; };
		DB7448FB290116CC00063D57 /* HomeViewModel.swift */ = {isa = PBXFileReference; lastKnownFileType = sourcecode.swift; path = HomeViewModel.swift; sourceTree = "<group>"; };
		DB7448FE2901170300063D57 /* HomeUseCase.swift */ = {isa = PBXFileReference; lastKnownFileType = sourcecode.swift; path = HomeUseCase.swift; sourceTree = "<group>"; };
		DB744903290154AD00063D57 /* BaseViewModel.swift */ = {isa = PBXFileReference; lastKnownFileType = sourcecode.swift; path = BaseViewModel.swift; sourceTree = "<group>"; };
		DB74490629015A5B00063D57 /* UICollectionView+Ext.swift */ = {isa = PBXFileReference; lastKnownFileType = sourcecode.swift; path = "UICollectionView+Ext.swift"; sourceTree = "<group>"; };
		DB7449082901725700063D57 /* UIImageView+Ext.swift */ = {isa = PBXFileReference; lastKnownFileType = sourcecode.swift; path = "UIImageView+Ext.swift"; sourceTree = "<group>"; };
		DBB634EC290275A5002723F7 /* Collection+Ext.swift */ = {isa = PBXFileReference; lastKnownFileType = sourcecode.swift; path = "Collection+Ext.swift"; sourceTree = "<group>"; };
		DBB634EF290276DD002723F7 /* Injection.swift */ = {isa = PBXFileReference; lastKnownFileType = sourcecode.swift; path = Injection.swift; sourceTree = "<group>"; };
		DBB634F32905306C002723F7 /* DetailViewController.swift */ = {isa = PBXFileReference; lastKnownFileType = sourcecode.swift; path = DetailViewController.swift; sourceTree = "<group>"; };
		DBB634F42905306C002723F7 /* DetailViewController.xib */ = {isa = PBXFileReference; lastKnownFileType = file.xib; path = DetailViewController.xib; sourceTree = "<group>"; };
		DBB634FC29053DAA002723F7 /* CustomSegmentedControl.swift */ = {isa = PBXFileReference; lastKnownFileType = sourcecode.swift; path = CustomSegmentedControl.swift; sourceTree = "<group>"; };
		DBB634FE29053FA0002723F7 /* AboutViewController.swift */ = {isa = PBXFileReference; lastKnownFileType = sourcecode.swift; path = AboutViewController.swift; sourceTree = "<group>"; };
		DBB634FF29053FA0002723F7 /* AboutViewController.xib */ = {isa = PBXFileReference; lastKnownFileType = file.xib; path = AboutViewController.xib; sourceTree = "<group>"; };
		DBB6350229053FBC002723F7 /* BaseStatsViewController.swift */ = {isa = PBXFileReference; lastKnownFileType = sourcecode.swift; path = BaseStatsViewController.swift; sourceTree = "<group>"; };
		DBB6350329053FBC002723F7 /* BaseStatsViewController.xib */ = {isa = PBXFileReference; lastKnownFileType = file.xib; path = BaseStatsViewController.xib; sourceTree = "<group>"; };
		DBB6350A29053FF9002723F7 /* MovesViewController.swift */ = {isa = PBXFileReference; lastKnownFileType = sourcecode.swift; path = MovesViewController.swift; sourceTree = "<group>"; };
		DBB6350B29053FF9002723F7 /* MovesViewController.xib */ = {isa = PBXFileReference; lastKnownFileType = file.xib; path = MovesViewController.xib; sourceTree = "<group>"; };
		DBB63513290561E3002723F7 /* UIView+Ext.swift */ = {isa = PBXFileReference; lastKnownFileType = sourcecode.swift; path = "UIView+Ext.swift"; sourceTree = "<group>"; };
		DBB6351A29057059002723F7 /* pokeball_loading.json */ = {isa = PBXFileReference; fileEncoding = 4; lastKnownFileType = text.json; path = pokeball_loading.json; sourceTree = "<group>"; };
		DBB6351C290576E2002723F7 /* UIButton+Ext.swift */ = {isa = PBXFileReference; lastKnownFileType = sourcecode.swift; path = "UIButton+Ext.swift"; sourceTree = "<group>"; };
		DBB6351E29058DF7002723F7 /* AppColor.swift */ = {isa = PBXFileReference; lastKnownFileType = sourcecode.swift; path = AppColor.swift; sourceTree = "<group>"; };
		DBB6352329059A00002723F7 /* StatisticTableViewCell.swift */ = {isa = PBXFileReference; lastKnownFileType = sourcecode.swift; path = StatisticTableViewCell.swift; sourceTree = "<group>"; };
		DBB6352429059A00002723F7 /* StatisticTableViewCell.xib */ = {isa = PBXFileReference; lastKnownFileType = file.xib; path = StatisticTableViewCell.xib; sourceTree = "<group>"; };
		DBD1408128F69CE00064FD67 /* ConstServices.swift */ = {isa = PBXFileReference; lastKnownFileType = sourcecode.swift; path = ConstServices.swift; sourceTree = "<group>"; };
		DBD1408428F69DAD0064FD67 /* PokemonResponse.swift */ = {isa = PBXFileReference; lastKnownFileType = sourcecode.swift; path = PokemonResponse.swift; sourceTree = "<group>"; };
		DBD1408628F6A2220064FD67 /* BasicResponse.swift */ = {isa = PBXFileReference; lastKnownFileType = sourcecode.swift; path = BasicResponse.swift; sourceTree = "<group>"; };
		DBD1408828F6A33B0064FD67 /* PokemonModel.swift */ = {isa = PBXFileReference; lastKnownFileType = sourcecode.swift; path = PokemonModel.swift; sourceTree = "<group>"; };
		DBD1408C28F6C4B50064FD67 /* APIManager.swift */ = {isa = PBXFileReference; lastKnownFileType = sourcecode.swift; path = APIManager.swift; sourceTree = "<group>"; };
		DBD1409028F6C8D70064FD67 /* PokemonRepository.swift */ = {isa = PBXFileReference; lastKnownFileType = sourcecode.swift; path = PokemonRepository.swift; sourceTree = "<group>"; };
		DBD1409328F6C9600064FD67 /* RemoteDataSource.swift */ = {isa = PBXFileReference; lastKnownFileType = sourcecode.swift; path = RemoteDataSource.swift; sourceTree = "<group>"; };
/* End PBXFileReference section */

/* Begin PBXFrameworksBuildPhase section */
		DB1D3D6C28F5AE2C00D6E9DB /* Frameworks */ = {
			isa = PBXFrameworksBuildPhase;
			buildActionMask = 2147483647;
			files = (
				DB74490229012A3F00063D57 /* SDWebImage in Frameworks */,
				DBB6351829056FFF002723F7 /* Lottie in Frameworks */,
				DBD1407B28F69C240064FD67 /* RxCocoa in Frameworks */,
				DB1A34FB2905F6110060F5A1 /* RealmSwift in Frameworks */,
				DBD1407628F69BD60064FD67 /* Alamofire in Frameworks */,
				DBD1407F28F69C240064FD67 /* RxSwift in Frameworks */,
				DBD1407D28F69C240064FD67 /* RxRelay in Frameworks */,
				DB1A34F92905F6110060F5A1 /* Realm in Frameworks */,
				DBD1407928F69C240064FD67 /* RxBlocking in Frameworks */,
			);
			runOnlyForDeploymentPostprocessing = 0;
		};
/* End PBXFrameworksBuildPhase section */

/* Begin PBXGroup section */
		DB1A34FE2905F90F0060F5A1 /* Utils */ = {
			isa = PBXGroup;
			children = (
				DB1A34FF2905F91A0060F5A1 /* DataMapper.swift */,
			);
			path = Utils;
			sourceTree = "<group>";
		};
		DB1A35032906015D0060F5A1 /* ThirdPartyLibs */ = {
			isa = PBXGroup;
			children = (
				DBB634FC29053DAA002723F7 /* CustomSegmentedControl.swift */,
			);
			path = ThirdPartyLibs;
			sourceTree = "<group>";
		};
		DB1A35042906018B0060F5A1 /* UseCase */ = {
			isa = PBXGroup;
			children = (
				DB1A35052906019D0060F5A1 /* DetailUseCase.swift */,
			);
			path = UseCase;
			sourceTree = "<group>";
		};
		DB1A3507290602210060F5A1 /* ViewModel */ = {
			isa = PBXGroup;
			children = (
				DB1A3508290602300060F5A1 /* DetailViewModel.swift */,
			);
			path = ViewModel;
			sourceTree = "<group>";
		};
		DB1A350A29060CC60060F5A1 /* MyCollection */ = {
			isa = PBXGroup;
			children = (
				DB1A350E29060CE90060F5A1 /* UseCase */,
				DB1A350D29060CDD0060F5A1 /* ViewModel */,
				DB1A350B29060CD10060F5A1 /* Views */,
			);
			path = MyCollection;
			sourceTree = "<group>";
		};
		DB1A350B29060CD10060F5A1 /* Views */ = {
			isa = PBXGroup;
			children = (
				DB1A350C29060CD80060F5A1 /* Cell */,
				DB1A350F29060D040060F5A1 /* MyCollectionViewController.swift */,
				DB1A351029060D040060F5A1 /* MyCollectionViewController.xib */,
			);
			path = Views;
			sourceTree = "<group>";
		};
		DB1A350C29060CD80060F5A1 /* Cell */ = {
			isa = PBXGroup;
			children = (
				DB1A3517290612CC0060F5A1 /* PokemonTableViewCell.swift */,
				DB1A3518290612CC0060F5A1 /* PokemonTableViewCell.xib */,
			);
			path = Cell;
			sourceTree = "<group>";
		};
		DB1A350D29060CDD0060F5A1 /* ViewModel */ = {
			isa = PBXGroup;
			children = (
				DB1A3515290610560060F5A1 /* MyCollectionViewModel.swift */,
			);
			path = ViewModel;
			sourceTree = "<group>";
		};
		DB1A350E29060CE90060F5A1 /* UseCase */ = {
			isa = PBXGroup;
			children = (
				DB1A351329060D330060F5A1 /* MyCollectionUseCase.swift */,
			);
			path = UseCase;
			sourceTree = "<group>";
		};
		DB1D3D6628F5AE2C00D6E9DB = {
			isa = PBXGroup;
			children = (
				DB1D3D7128F5AE2C00D6E9DB /* Pokedex */,
				DB1D3D7028F5AE2C00D6E9DB /* Products */,
			);
			sourceTree = "<group>";
		};
		DB1D3D7028F5AE2C00D6E9DB /* Products */ = {
			isa = PBXGroup;
			children = (
				DB1D3D6F28F5AE2C00D6E9DB /* Pokedex.app */,
			);
			name = Products;
			sourceTree = "<group>";
		};
		DB1D3D7128F5AE2C00D6E9DB /* Pokedex */ = {
			isa = PBXGroup;
			children = (
				DB1D3D8328F5AE2E00D6E9DB /* Info.plist */,
				DB1D3D9028F5C2D100D6E9DB /* Base */,
				DB74490529015A4800063D57 /* SharedExt */,
				DB7448F92901090400063D57 /* SupportFiles */,
				DBD1408E28F6C8C30064FD67 /* Core */,
				DBD1408028F69CC70064FD67 /* Networking */,
				DB1D3D9128F5C2F100D6E9DB /* Feature */,
				DB1A34FE2905F90F0060F5A1 /* Utils */,
				DB1A35032906015D0060F5A1 /* ThirdPartyLibs */,
			);
			path = Pokedex;
			sourceTree = "<group>";
		};
		DB1D3D9028F5C2D100D6E9DB /* Base */ = {
			isa = PBXGroup;
			children = (
				DB1D3D8028F5AE2E00D6E9DB /* LaunchScreen.storyboard */,
				DB1D3D7228F5AE2C00D6E9DB /* AppDelegate.swift */,
				DB1D3D7428F5AE2C00D6E9DB /* SceneDelegate.swift */,
				DB1D3D8E28F5C16C00D6E9DB /* TabBarController.swift */,
			);
			path = Base;
			sourceTree = "<group>";
		};
		DB1D3D9128F5C2F100D6E9DB /* Feature */ = {
			isa = PBXGroup;
			children = (
				DB1D3D9228F5C2FB00D6E9DB /* Home */,
				DBB634F129053044002723F7 /* Detail */,
				DB1A350A29060CC60060F5A1 /* MyCollection */,
			);
			path = Feature;
			sourceTree = "<group>";
		};
		DB1D3D9228F5C2FB00D6E9DB /* Home */ = {
			isa = PBXGroup;
			children = (
				DB7448FD290116F500063D57 /* UseCase */,
				DB7448FA290116B400063D57 /* ViewModel */,
				DB1D3D9328F5C30700D6E9DB /* Views */,
			);
			path = Home;
			sourceTree = "<group>";
		};
		DB1D3D9328F5C30700D6E9DB /* Views */ = {
			isa = PBXGroup;
			children = (
				DB3A82DC28F5C9EC002E5729 /* Cell */,
				DB3A82D828F5C373002E5729 /* HomeViewController.swift */,
				DB3A82D928F5C373002E5729 /* HomeViewController.xib */,
			);
			path = Views;
			sourceTree = "<group>";
		};
		DB3A82DC28F5C9EC002E5729 /* Cell */ = {
			isa = PBXGroup;
			children = (
				DB3A82DD28F5CA0F002E5729 /* PokemonGridCollectionViewCell.swift */,
				DB3A82DE28F5CA0F002E5729 /* PokemonGridCollectionViewCell.xib */,
			);
			path = Cell;
			sourceTree = "<group>";
		};
		DB7448F92901090400063D57 /* SupportFiles */ = {
			isa = PBXGroup;
			children = (
				DBB6351929057035002723F7 /* Assetss */,
				DB1D3D7E28F5AE2E00D6E9DB /* Assets.xcassets */,
				DB1D3D7B28F5AE2C00D6E9DB /* Pokedex.xcdatamodeld */,
				DBB6351E29058DF7002723F7 /* AppColor.swift */,
			);
			path = SupportFiles;
			sourceTree = "<group>";
		};
		DB7448FA290116B400063D57 /* ViewModel */ = {
			isa = PBXGroup;
			children = (
				DB7448FB290116CC00063D57 /* HomeViewModel.swift */,
			);
			path = ViewModel;
			sourceTree = "<group>";
		};
		DB7448FD290116F500063D57 /* UseCase */ = {
			isa = PBXGroup;
			children = (
				DB7448FE2901170300063D57 /* HomeUseCase.swift */,
			);
			path = UseCase;
			sourceTree = "<group>";
		};
		DB74490529015A4800063D57 /* SharedExt */ = {
			isa = PBXGroup;
			children = (
				DB74490629015A5B00063D57 /* UICollectionView+Ext.swift */,
				DB7449082901725700063D57 /* UIImageView+Ext.swift */,
				DBB634EC290275A5002723F7 /* Collection+Ext.swift */,
				DBB63513290561E3002723F7 /* UIView+Ext.swift */,
				DBB6351C290576E2002723F7 /* UIButton+Ext.swift */,
			);
			path = SharedExt;
			sourceTree = "<group>";
		};
		DBB634EE290276D1002723F7 /* DI */ = {
			isa = PBXGroup;
			children = (
				DBB634EF290276DD002723F7 /* Injection.swift */,
			);
			path = DI;
			sourceTree = "<group>";
		};
		DBB634F129053044002723F7 /* Detail */ = {
			isa = PBXGroup;
			children = (
				DB1A35042906018B0060F5A1 /* UseCase */,
				DB1A3507290602210060F5A1 /* ViewModel */,
				DBB634F22905304C002723F7 /* Views */,
			);
			path = Detail;
			sourceTree = "<group>";
		};
		DBB634F22905304C002723F7 /* Views */ = {
			isa = PBXGroup;
			children = (
				DBB6350E29054817002723F7 /* SegmentedController */,
				DBB634F32905306C002723F7 /* DetailViewController.swift */,
				DBB634F42905306C002723F7 /* DetailViewController.xib */,
			);
			path = Views;
			sourceTree = "<group>";
		};
		DBB6350E29054817002723F7 /* SegmentedController */ = {
			isa = PBXGroup;
			children = (
				DBB63520290599B1002723F7 /* About */,
				DBB63521290599BA002723F7 /* BaseStats */,
				DBB63522290599CF002723F7 /* Moves */,
			);
			path = SegmentedController;
			sourceTree = "<group>";
		};
		DBB6351929057035002723F7 /* Assetss */ = {
			isa = PBXGroup;
			children = (
				DBB6351A29057059002723F7 /* pokeball_loading.json */,
			);
			path = Assetss;
			sourceTree = "<group>";
		};
		DBB63520290599B1002723F7 /* About */ = {
			isa = PBXGroup;
			children = (
				DBB634FE29053FA0002723F7 /* AboutViewController.swift */,
				DBB634FF29053FA0002723F7 /* AboutViewController.xib */,
			);
			path = About;
			sourceTree = "<group>";
		};
		DBB63521290599BA002723F7 /* BaseStats */ = {
			isa = PBXGroup;
			children = (
				DBB6352729059A29002723F7 /* Cell */,
				DBB6350229053FBC002723F7 /* BaseStatsViewController.swift */,
				DBB6350329053FBC002723F7 /* BaseStatsViewController.xib */,
			);
			path = BaseStats;
			sourceTree = "<group>";
		};
		DBB63522290599CF002723F7 /* Moves */ = {
			isa = PBXGroup;
			children = (
				DBB6350A29053FF9002723F7 /* MovesViewController.swift */,
				DBB6350B29053FF9002723F7 /* MovesViewController.xib */,
			);
			path = Moves;
			sourceTree = "<group>";
		};
		DBB6352729059A29002723F7 /* Cell */ = {
			isa = PBXGroup;
			children = (
				DBB6352329059A00002723F7 /* StatisticTableViewCell.swift */,
				DBB6352429059A00002723F7 /* StatisticTableViewCell.xib */,
			);
			path = Cell;
			sourceTree = "<group>";
		};
		DBD1408028F69CC70064FD67 /* Networking */ = {
			isa = PBXGroup;
			children = (
				DBD1408128F69CE00064FD67 /* ConstServices.swift */,
				DBD1408C28F6C4B50064FD67 /* APIManager.swift */,
			);
			path = Networking;
			sourceTree = "<group>";
		};
		DBD1408328F69DA10064FD67 /* Model */ = {
			isa = PBXGroup;
			children = (
				DBD1408628F6A2220064FD67 /* BasicResponse.swift */,
				DBD1408428F69DAD0064FD67 /* PokemonResponse.swift */,
				DBD1408828F6A33B0064FD67 /* PokemonModel.swift */,
				DB1A34FC2905F6310060F5A1 /* ObjPokemonModel.swift */,
			);
			path = Model;
			sourceTree = "<group>";
		};
		DBD1408E28F6C8C30064FD67 /* Core */ = {
			isa = PBXGroup;
			children = (
				DBD1408328F69DA10064FD67 /* Model */,
				DBB634EE290276D1002723F7 /* DI */,
				DBD1409228F6C9540064FD67 /* DataSource */,
				DBD1408F28F6C8C80064FD67 /* Repository */,
				DB744903290154AD00063D57 /* BaseViewModel.swift */,
			);
			path = Core;
			sourceTree = "<group>";
		};
		DBD1408F28F6C8C80064FD67 /* Repository */ = {
			isa = PBXGroup;
			children = (
				DBD1409028F6C8D70064FD67 /* PokemonRepository.swift */,
			);
			path = Repository;
			sourceTree = "<group>";
		};
		DBD1409228F6C9540064FD67 /* DataSource */ = {
			isa = PBXGroup;
			children = (
				DBD1409328F6C9600064FD67 /* RemoteDataSource.swift */,
				DB1A35012905FCBE0060F5A1 /* LocaleDataSource.swift */,
			);
			path = DataSource;
			sourceTree = "<group>";
		};
/* End PBXGroup section */

/* Begin PBXNativeTarget section */
		DB1D3D6E28F5AE2C00D6E9DB /* Pokedex */ = {
			isa = PBXNativeTarget;
			buildConfigurationList = DB1D3D8628F5AE2E00D6E9DB /* Build configuration list for PBXNativeTarget "Pokedex" */;
			buildPhases = (
				DB1D3D6B28F5AE2C00D6E9DB /* Sources */,
				DB1D3D6C28F5AE2C00D6E9DB /* Frameworks */,
				DB1D3D6D28F5AE2C00D6E9DB /* Resources */,
			);
			buildRules = (
			);
			dependencies = (
			);
			name = Pokedex;
			packageProductDependencies = (
				DBD1407528F69BD60064FD67 /* Alamofire */,
				DBD1407828F69C240064FD67 /* RxBlocking */,
				DBD1407A28F69C240064FD67 /* RxCocoa */,
				DBD1407C28F69C240064FD67 /* RxRelay */,
				DBD1407E28F69C240064FD67 /* RxSwift */,
				DB74490129012A3F00063D57 /* SDWebImage */,
				DBB6351729056FFF002723F7 /* Lottie */,
				DB1A34F82905F6110060F5A1 /* Realm */,
				DB1A34FA2905F6110060F5A1 /* RealmSwift */,
			);
			productName = Pokedex;
			productReference = DB1D3D6F28F5AE2C00D6E9DB /* Pokedex.app */;
			productType = "com.apple.product-type.application";
		};
/* End PBXNativeTarget section */

/* Begin PBXProject section */
		DB1D3D6728F5AE2C00D6E9DB /* Project object */ = {
			isa = PBXProject;
			attributes = {
				BuildIndependentTargetsInParallel = 1;
				LastSwiftUpdateCheck = 1400;
				LastUpgradeCheck = 1400;
				TargetAttributes = {
					DB1D3D6E28F5AE2C00D6E9DB = {
						CreatedOnToolsVersion = 14.0;
					};
				};
			};
			buildConfigurationList = DB1D3D6A28F5AE2C00D6E9DB /* Build configuration list for PBXProject "Pokedex" */;
			compatibilityVersion = "Xcode 14.0";
			developmentRegion = en;
			hasScannedForEncodings = 0;
			knownRegions = (
				en,
				Base,
			);
			mainGroup = DB1D3D6628F5AE2C00D6E9DB;
			packageReferences = (
				DBD1407428F69BD60064FD67 /* XCRemoteSwiftPackageReference "Alamofire" */,
				DBD1407728F69C240064FD67 /* XCRemoteSwiftPackageReference "RxSwift" */,
				DB74490029012A3F00063D57 /* XCRemoteSwiftPackageReference "SDWebImage" */,
				DBB6351629056FFF002723F7 /* XCRemoteSwiftPackageReference "lottie-ios" */,
				DB1A34F72905F6100060F5A1 /* XCRemoteSwiftPackageReference "realm-swift" */,
			);
			productRefGroup = DB1D3D7028F5AE2C00D6E9DB /* Products */;
			projectDirPath = "";
			projectRoot = "";
			targets = (
				DB1D3D6E28F5AE2C00D6E9DB /* Pokedex */,
			);
		};
/* End PBXProject section */

/* Begin PBXResourcesBuildPhase section */
		DB1D3D6D28F5AE2C00D6E9DB /* Resources */ = {
			isa = PBXResourcesBuildPhase;
			buildActionMask = 2147483647;
			files = (
				DBB6351B2905705A002723F7 /* pokeball_loading.json in Resources */,
				DB1A351A290612CC0060F5A1 /* PokemonTableViewCell.xib in Resources */,
				DBB6350529053FBC002723F7 /* BaseStatsViewController.xib in Resources */,
				DB3A82E028F5CA0F002E5729 /* PokemonGridCollectionViewCell.xib in Resources */,
				DB1D3D8228F5AE2E00D6E9DB /* LaunchScreen.storyboard in Resources */,
				DBB634F62905306C002723F7 /* DetailViewController.xib in Resources */,
				DB1A351229060D040060F5A1 /* MyCollectionViewController.xib in Resources */,
				DB1D3D7F28F5AE2E00D6E9DB /* Assets.xcassets in Resources */,
				DBB6350D29053FF9002723F7 /* MovesViewController.xib in Resources */,
				DBB6350129053FA0002723F7 /* AboutViewController.xib in Resources */,
				DBB6352629059A00002723F7 /* StatisticTableViewCell.xib in Resources */,
				DB3A82DB28F5C373002E5729 /* HomeViewController.xib in Resources */,
			);
			runOnlyForDeploymentPostprocessing = 0;
		};
/* End PBXResourcesBuildPhase section */

/* Begin PBXSourcesBuildPhase section */
		DB1D3D6B28F5AE2C00D6E9DB /* Sources */ = {
			isa = PBXSourcesBuildPhase;
			buildActionMask = 2147483647;
			files = (
				DBB634F0290276DD002723F7 /* Injection.swift in Sources */,
				DBD1408D28F6C4B50064FD67 /* APIManager.swift in Sources */,
				DBD1408528F69DAD0064FD67 /* PokemonResponse.swift in Sources */,
				DB1A3519290612CC0060F5A1 /* PokemonTableViewCell.swift in Sources */,
				DBB6350429053FBC002723F7 /* BaseStatsViewController.swift in Sources */,
				DBB63514290561E3002723F7 /* UIView+Ext.swift in Sources */,
				DB744904290154AD00063D57 /* BaseViewModel.swift in Sources */,
				DB1A35022905FCBE0060F5A1 /* LocaleDataSource.swift in Sources */,
				DBB6350C29053FF9002723F7 /* MovesViewController.swift in Sources */,
				DBD1408228F69CE00064FD67 /* ConstServices.swift in Sources */,
				DB7449092901725700063D57 /* UIImageView+Ext.swift in Sources */,
				DBD1409128F6C8D70064FD67 /* PokemonRepository.swift in Sources */,
				DB1A351429060D330060F5A1 /* MyCollectionUseCase.swift in Sources */,
				DB3A82DA28F5C373002E5729 /* HomeViewController.swift in Sources */,
				DBB6351F29058DF7002723F7 /* AppColor.swift in Sources */,
				DBD1408928F6A33B0064FD67 /* PokemonModel.swift in Sources */,
				DB1A35062906019D0060F5A1 /* DetailUseCase.swift in Sources */,
				DB1D3D7D28F5AE2C00D6E9DB /* Pokedex.xcdatamodeld in Sources */,
				DB1D3D7328F5AE2C00D6E9DB /* AppDelegate.swift in Sources */,
				DB1A3509290602300060F5A1 /* DetailViewModel.swift in Sources */,
				DB1A35002905F91A0060F5A1 /* DataMapper.swift in Sources */,
				DBB634F52905306C002723F7 /* DetailViewController.swift in Sources */,
				DBB634FD29053DAA002723F7 /* CustomSegmentedControl.swift in Sources */,
				DBD1409428F6C9600064FD67 /* RemoteDataSource.swift in Sources */,
				DB1D3D7528F5AE2C00D6E9DB /* SceneDelegate.swift in Sources */,
				DB1A351129060D040060F5A1 /* MyCollectionViewController.swift in Sources */,
				DB3A82DF28F5CA0F002E5729 /* PokemonGridCollectionViewCell.swift in Sources */,
				DB1A34FD2905F6310060F5A1 /* ObjPokemonModel.swift in Sources */,
				DBB6350029053FA0002723F7 /* AboutViewController.swift in Sources */,
				DBD1408728F6A2220064FD67 /* BasicResponse.swift in Sources */,
				DBB634ED290275A5002723F7 /* Collection+Ext.swift in Sources */,
				DB7448FC290116CC00063D57 /* HomeViewModel.swift in Sources */,
				DB1A3516290610560060F5A1 /* MyCollectionViewModel.swift in Sources */,
				DB7448FF2901170300063D57 /* HomeUseCase.swift in Sources */,
				DBB6352529059A00002723F7 /* StatisticTableViewCell.swift in Sources */,
				DB74490729015A5B00063D57 /* UICollectionView+Ext.swift in Sources */,
				DBB6351D290576E2002723F7 /* UIButton+Ext.swift in Sources */,
				DB1D3D8F28F5C16C00D6E9DB /* TabBarController.swift in Sources */,
			);
			runOnlyForDeploymentPostprocessing = 0;
		};
/* End PBXSourcesBuildPhase section */

/* Begin PBXVariantGroup section */
		DB1D3D8028F5AE2E00D6E9DB /* LaunchScreen.storyboard */ = {
			isa = PBXVariantGroup;
			children = (
				DB1D3D8128F5AE2E00D6E9DB /* Base */,
			);
			name = LaunchScreen.storyboard;
			sourceTree = "<group>";
		};
/* End PBXVariantGroup section */

/* Begin XCBuildConfiguration section */
		DB1D3D8428F5AE2E00D6E9DB /* Debug */ = {
			isa = XCBuildConfiguration;
			buildSettings = {
				ALWAYS_SEARCH_USER_PATHS = NO;
				CLANG_ANALYZER_NONNULL = YES;
				CLANG_ANALYZER_NUMBER_OBJECT_CONVERSION = YES_AGGRESSIVE;
				CLANG_CXX_LANGUAGE_STANDARD = "gnu++20";
				CLANG_ENABLE_MODULES = YES;
				CLANG_ENABLE_OBJC_ARC = YES;
				CLANG_ENABLE_OBJC_WEAK = YES;
				CLANG_WARN_BLOCK_CAPTURE_AUTORELEASING = YES;
				CLANG_WARN_BOOL_CONVERSION = YES;
				CLANG_WARN_COMMA = YES;
				CLANG_WARN_CONSTANT_CONVERSION = YES;
				CLANG_WARN_DEPRECATED_OBJC_IMPLEMENTATIONS = YES;
				CLANG_WARN_DIRECT_OBJC_ISA_USAGE = YES_ERROR;
				CLANG_WARN_DOCUMENTATION_COMMENTS = YES;
				CLANG_WARN_EMPTY_BODY = YES;
				CLANG_WARN_ENUM_CONVERSION = YES;
				CLANG_WARN_INFINITE_RECURSION = YES;
				CLANG_WARN_INT_CONVERSION = YES;
				CLANG_WARN_NON_LITERAL_NULL_CONVERSION = YES;
				CLANG_WARN_OBJC_IMPLICIT_RETAIN_SELF = YES;
				CLANG_WARN_OBJC_LITERAL_CONVERSION = YES;
				CLANG_WARN_OBJC_ROOT_CLASS = YES_ERROR;
				CLANG_WARN_QUOTED_INCLUDE_IN_FRAMEWORK_HEADER = YES;
				CLANG_WARN_RANGE_LOOP_ANALYSIS = YES;
				CLANG_WARN_STRICT_PROTOTYPES = YES;
				CLANG_WARN_SUSPICIOUS_MOVE = YES;
				CLANG_WARN_UNGUARDED_AVAILABILITY = YES_AGGRESSIVE;
				CLANG_WARN_UNREACHABLE_CODE = YES;
				CLANG_WARN__DUPLICATE_METHOD_MATCH = YES;
				COPY_PHASE_STRIP = NO;
				DEBUG_INFORMATION_FORMAT = dwarf;
				ENABLE_STRICT_OBJC_MSGSEND = YES;
				ENABLE_TESTABILITY = YES;
				GCC_C_LANGUAGE_STANDARD = gnu11;
				GCC_DYNAMIC_NO_PIC = NO;
				GCC_NO_COMMON_BLOCKS = YES;
				GCC_OPTIMIZATION_LEVEL = 0;
				GCC_PREPROCESSOR_DEFINITIONS = (
					"DEBUG=1",
					"$(inherited)",
				);
				GCC_WARN_64_TO_32_BIT_CONVERSION = YES;
				GCC_WARN_ABOUT_RETURN_TYPE = YES_ERROR;
				GCC_WARN_UNDECLARED_SELECTOR = YES;
				GCC_WARN_UNINITIALIZED_AUTOS = YES_AGGRESSIVE;
				GCC_WARN_UNUSED_FUNCTION = YES;
				GCC_WARN_UNUSED_VARIABLE = YES;
				IPHONEOS_DEPLOYMENT_TARGET = 16.0;
				MTL_ENABLE_DEBUG_INFO = INCLUDE_SOURCE;
				MTL_FAST_MATH = YES;
				ONLY_ACTIVE_ARCH = YES;
				SDKROOT = iphoneos;
				SWIFT_ACTIVE_COMPILATION_CONDITIONS = DEBUG;
				SWIFT_OPTIMIZATION_LEVEL = "-Onone";
			};
			name = Debug;
		};
		DB1D3D8528F5AE2E00D6E9DB /* Release */ = {
			isa = XCBuildConfiguration;
			buildSettings = {
				ALWAYS_SEARCH_USER_PATHS = NO;
				CLANG_ANALYZER_NONNULL = YES;
				CLANG_ANALYZER_NUMBER_OBJECT_CONVERSION = YES_AGGRESSIVE;
				CLANG_CXX_LANGUAGE_STANDARD = "gnu++20";
				CLANG_ENABLE_MODULES = YES;
				CLANG_ENABLE_OBJC_ARC = YES;
				CLANG_ENABLE_OBJC_WEAK = YES;
				CLANG_WARN_BLOCK_CAPTURE_AUTORELEASING = YES;
				CLANG_WARN_BOOL_CONVERSION = YES;
				CLANG_WARN_COMMA = YES;
				CLANG_WARN_CONSTANT_CONVERSION = YES;
				CLANG_WARN_DEPRECATED_OBJC_IMPLEMENTATIONS = YES;
				CLANG_WARN_DIRECT_OBJC_ISA_USAGE = YES_ERROR;
				CLANG_WARN_DOCUMENTATION_COMMENTS = YES;
				CLANG_WARN_EMPTY_BODY = YES;
				CLANG_WARN_ENUM_CONVERSION = YES;
				CLANG_WARN_INFINITE_RECURSION = YES;
				CLANG_WARN_INT_CONVERSION = YES;
				CLANG_WARN_NON_LITERAL_NULL_CONVERSION = YES;
				CLANG_WARN_OBJC_IMPLICIT_RETAIN_SELF = YES;
				CLANG_WARN_OBJC_LITERAL_CONVERSION = YES;
				CLANG_WARN_OBJC_ROOT_CLASS = YES_ERROR;
				CLANG_WARN_QUOTED_INCLUDE_IN_FRAMEWORK_HEADER = YES;
				CLANG_WARN_RANGE_LOOP_ANALYSIS = YES;
				CLANG_WARN_STRICT_PROTOTYPES = YES;
				CLANG_WARN_SUSPICIOUS_MOVE = YES;
				CLANG_WARN_UNGUARDED_AVAILABILITY = YES_AGGRESSIVE;
				CLANG_WARN_UNREACHABLE_CODE = YES;
				CLANG_WARN__DUPLICATE_METHOD_MATCH = YES;
				COPY_PHASE_STRIP = NO;
				DEBUG_INFORMATION_FORMAT = "dwarf-with-dsym";
				ENABLE_NS_ASSERTIONS = NO;
				ENABLE_STRICT_OBJC_MSGSEND = YES;
				GCC_C_LANGUAGE_STANDARD = gnu11;
				GCC_NO_COMMON_BLOCKS = YES;
				GCC_WARN_64_TO_32_BIT_CONVERSION = YES;
				GCC_WARN_ABOUT_RETURN_TYPE = YES_ERROR;
				GCC_WARN_UNDECLARED_SELECTOR = YES;
				GCC_WARN_UNINITIALIZED_AUTOS = YES_AGGRESSIVE;
				GCC_WARN_UNUSED_FUNCTION = YES;
				GCC_WARN_UNUSED_VARIABLE = YES;
				IPHONEOS_DEPLOYMENT_TARGET = 16.0;
				MTL_ENABLE_DEBUG_INFO = NO;
				MTL_FAST_MATH = YES;
				SDKROOT = iphoneos;
				SWIFT_COMPILATION_MODE = wholemodule;
				SWIFT_OPTIMIZATION_LEVEL = "-O";
				VALIDATE_PRODUCT = YES;
			};
			name = Release;
		};
		DB1D3D8728F5AE2E00D6E9DB /* Debug */ = {
			isa = XCBuildConfiguration;
			buildSettings = {
				ASSETCATALOG_COMPILER_APPICON_NAME = AppIcon;
				ASSETCATALOG_COMPILER_GLOBAL_ACCENT_COLOR_NAME = AccentColor;
				CODE_SIGN_STYLE = Automatic;
				CURRENT_PROJECT_VERSION = 1;
				DEVELOPMENT_TEAM = VYM6Y2B338;
				GENERATE_INFOPLIST_FILE = YES;
				INFOPLIST_FILE = Pokedex/Info.plist;
				INFOPLIST_KEY_UIApplicationSupportsIndirectInputEvents = YES;
				INFOPLIST_KEY_UILaunchStoryboardName = LaunchScreen;
				INFOPLIST_KEY_UISupportedInterfaceOrientations = UIInterfaceOrientationPortrait;
				INFOPLIST_KEY_UISupportedInterfaceOrientations_iPad = "UIInterfaceOrientationPortrait UIInterfaceOrientationPortraitUpsideDown";
				IPHONEOS_DEPLOYMENT_TARGET = 13.0;
				LD_RUNPATH_SEARCH_PATHS = (
					"$(inherited)",
					"@executable_path/Frameworks",
				);
				MARKETING_VERSION = 1.0;
				PRODUCT_BUNDLE_IDENTIFIER = "com.bd-drmwan.Pokedex";
				PRODUCT_NAME = "$(TARGET_NAME)";
				SUPPORTED_PLATFORMS = "iphoneos iphonesimulator";
				SUPPORTS_MACCATALYST = NO;
				SUPPORTS_MAC_DESIGNED_FOR_IPHONE_IPAD = NO;
				SWIFT_EMIT_LOC_STRINGS = YES;
				SWIFT_VERSION = 5.0;
				TARGETED_DEVICE_FAMILY = 1;
			};
			name = Debug;
		};
		DB1D3D8828F5AE2E00D6E9DB /* Release */ = {
			isa = XCBuildConfiguration;
			buildSettings = {
				ASSETCATALOG_COMPILER_APPICON_NAME = AppIcon;
				ASSETCATALOG_COMPILER_GLOBAL_ACCENT_COLOR_NAME = AccentColor;
				CODE_SIGN_STYLE = Automatic;
				CURRENT_PROJECT_VERSION = 1;
				DEVELOPMENT_TEAM = VYM6Y2B338;
				GENERATE_INFOPLIST_FILE = YES;
				INFOPLIST_FILE = Pokedex/Info.plist;
				INFOPLIST_KEY_UIApplicationSupportsIndirectInputEvents = YES;
				INFOPLIST_KEY_UILaunchStoryboardName = LaunchScreen;
				INFOPLIST_KEY_UISupportedInterfaceOrientations = UIInterfaceOrientationPortrait;
				INFOPLIST_KEY_UISupportedInterfaceOrientations_iPad = "UIInterfaceOrientationPortrait UIInterfaceOrientationPortraitUpsideDown";
				IPHONEOS_DEPLOYMENT_TARGET = 13.0;
				LD_RUNPATH_SEARCH_PATHS = (
					"$(inherited)",
					"@executable_path/Frameworks",
				);
				MARKETING_VERSION = 1.0;
				PRODUCT_BUNDLE_IDENTIFIER = "com.bd-drmwan.Pokedex";
				PRODUCT_NAME = "$(TARGET_NAME)";
				SUPPORTED_PLATFORMS = "iphoneos iphonesimulator";
				SUPPORTS_MACCATALYST = NO;
				SUPPORTS_MAC_DESIGNED_FOR_IPHONE_IPAD = NO;
				SWIFT_EMIT_LOC_STRINGS = YES;
				SWIFT_VERSION = 5.0;
				TARGETED_DEVICE_FAMILY = 1;
			};
			name = Release;
		};
/* End XCBuildConfiguration section */

/* Begin XCConfigurationList section */
		DB1D3D6A28F5AE2C00D6E9DB /* Build configuration list for PBXProject "Pokedex" */ = {
			isa = XCConfigurationList;
			buildConfigurations = (
				DB1D3D8428F5AE2E00D6E9DB /* Debug */,
				DB1D3D8528F5AE2E00D6E9DB /* Release */,
			);
			defaultConfigurationIsVisible = 0;
			defaultConfigurationName = Release;
		};
		DB1D3D8628F5AE2E00D6E9DB /* Build configuration list for PBXNativeTarget "Pokedex" */ = {
			isa = XCConfigurationList;
			buildConfigurations = (
				DB1D3D8728F5AE2E00D6E9DB /* Debug */,
				DB1D3D8828F5AE2E00D6E9DB /* Release */,
			);
			defaultConfigurationIsVisible = 0;
			defaultConfigurationName = Release;
		};
/* End XCConfigurationList section */

/* Begin XCRemoteSwiftPackageReference section */
		DB1A34F72905F6100060F5A1 /* XCRemoteSwiftPackageReference "realm-swift" */ = {
			isa = XCRemoteSwiftPackageReference;
			repositoryURL = "https://github.com/realm/realm-swift.git";
			requirement = {
				kind = upToNextMajorVersion;
				minimumVersion = 10.30.0;
			};
		};
		DB74490029012A3F00063D57 /* XCRemoteSwiftPackageReference "SDWebImage" */ = {
			isa = XCRemoteSwiftPackageReference;
			repositoryURL = "https://github.com/SDWebImage/SDWebImage.git";
			requirement = {
				kind = upToNextMajorVersion;
				minimumVersion = 5.1.0;
			};
		};
		DBB6351629056FFF002723F7 /* XCRemoteSwiftPackageReference "lottie-ios" */ = {
			isa = XCRemoteSwiftPackageReference;
			repositoryURL = "https://github.com/airbnb/lottie-ios.git";
			requirement = {
				kind = upToNextMajorVersion;
				minimumVersion = 3.0.0;
			};
		};
		DBD1407428F69BD60064FD67 /* XCRemoteSwiftPackageReference "Alamofire" */ = {
			isa = XCRemoteSwiftPackageReference;
			repositoryURL = "https://github.com/Alamofire/Alamofire.git";
			requirement = {
				kind = upToNextMajorVersion;
				minimumVersion = 5.6.1;
			};
		};
		DBD1407728F69C240064FD67 /* XCRemoteSwiftPackageReference "RxSwift" */ = {
			isa = XCRemoteSwiftPackageReference;
			repositoryURL = "https://github.com/ReactiveX/RxSwift.git";
			requirement = {
				kind = upToNextMajorVersion;
				minimumVersion = 6.5.0;
			};
		};
/* End XCRemoteSwiftPackageReference section */

/* Begin XCSwiftPackageProductDependency section */
		DB1A34F82905F6110060F5A1 /* Realm */ = {
			isa = XCSwiftPackageProductDependency;
			package = DB1A34F72905F6100060F5A1 /* XCRemoteSwiftPackageReference "realm-swift" */;
			productName = Realm;
		};
		DB1A34FA2905F6110060F5A1 /* RealmSwift */ = {
			isa = XCSwiftPackageProductDependency;
			package = DB1A34F72905F6100060F5A1 /* XCRemoteSwiftPackageReference "realm-swift" */;
			productName = RealmSwift;
		};
		DB74490129012A3F00063D57 /* SDWebImage */ = {
			isa = XCSwiftPackageProductDependency;
			package = DB74490029012A3F00063D57 /* XCRemoteSwiftPackageReference "SDWebImage" */;
			productName = SDWebImage;
		};
		DBB6351729056FFF002723F7 /* Lottie */ = {
			isa = XCSwiftPackageProductDependency;
			package = DBB6351629056FFF002723F7 /* XCRemoteSwiftPackageReference "lottie-ios" */;
			productName = Lottie;
		};
		DBD1407528F69BD60064FD67 /* Alamofire */ = {
			isa = XCSwiftPackageProductDependency;
			package = DBD1407428F69BD60064FD67 /* XCRemoteSwiftPackageReference "Alamofire" */;
			productName = Alamofire;
		};
		DBD1407828F69C240064FD67 /* RxBlocking */ = {
			isa = XCSwiftPackageProductDependency;
			package = DBD1407728F69C240064FD67 /* XCRemoteSwiftPackageReference "RxSwift" */;
			productName = RxBlocking;
		};
		DBD1407A28F69C240064FD67 /* RxCocoa */ = {
			isa = XCSwiftPackageProductDependency;
			package = DBD1407728F69C240064FD67 /* XCRemoteSwiftPackageReference "RxSwift" */;
			productName = RxCocoa;
		};
		DBD1407C28F69C240064FD67 /* RxRelay */ = {
			isa = XCSwiftPackageProductDependency;
			package = DBD1407728F69C240064FD67 /* XCRemoteSwiftPackageReference "RxSwift" */;
			productName = RxRelay;
		};
		DBD1407E28F69C240064FD67 /* RxSwift */ = {
			isa = XCSwiftPackageProductDependency;
			package = DBD1407728F69C240064FD67 /* XCRemoteSwiftPackageReference "RxSwift" */;
			productName = RxSwift;
		};
/* End XCSwiftPackageProductDependency section */

/* Begin XCVersionGroup section */
		DB1D3D7B28F5AE2C00D6E9DB /* Pokedex.xcdatamodeld */ = {
			isa = XCVersionGroup;
			children = (
				DB1D3D7C28F5AE2C00D6E9DB /* Pokedex.xcdatamodel */,
			);
			currentVersion = DB1D3D7C28F5AE2C00D6E9DB /* Pokedex.xcdatamodel */;
			path = Pokedex.xcdatamodeld;
			sourceTree = "<group>";
			versionGroupType = wrapper.xcdatamodel;
		};
/* End XCVersionGroup section */
	};
	rootObject = DB1D3D6728F5AE2C00D6E9DB /* Project object */;
}
